
Microsoft Visual Studio Solution File, Format Version 12.00
# Visual Studio Version 17
VisualStudioVersion = 17.1.32210.238
MinimumVisualStudioVersion = 10.0.40219.1
Project("{FAE04EC0-301F-11D3-BF4B-00C04F79EFBC}") = "Alarm-CSharp", "Alarm-CSharp\Alarm-CSharp.csproj", "{84CA578A-DFD0-44B6-B857-92EAFB30253C}"
EndProject
Global
	GlobalSection(SolutionConfigurationPlatforms) = preSolution
		Debug|Any CPU = Debug|Any CPU
		Release|Any CPU = Release|Any CPU
	EndGlobalSection
	GlobalSection(ProjectConfigurationPlatforms) = postSolution
		{84CA578A-DFD0-44B6-B857-92EAFB30253C}.Debug|Any CPU.ActiveCfg = Debug|Any CPU
		{84CA578A-DFD0-44B6-B857-92EAFB30253C}.Debug|Any CPU.Build.0 = Debug|Any CPU
		{84CA578A-DFD0-44B6-B857-92EAFB30253C}.Release|Any CPU.ActiveCfg = Release|Any CPU
		{84CA578A-DFD0-44B6-B857-92EAFB30253C}.Release|Any CPU.Build.0 = Release|Any CPU
	EndGlobalSection
	GlobalSection(SolutionProperties) = preSolution
		HideSolutionNode = FALSE
	EndGlobalSection
	GlobalSection(ExtensibilityGlobals) = postSolution
		SolutionGuid = {3224094D-19CB-4443-AC9F-776A5B6B3C24}
	EndGlobalSection
EndGlobal
